
Microsoft Visual Studio Solution File, Format Version 12.00
# Visual Studio 15
VisualStudioVersion = 15.0.27703.2035
MinimumVisualStudioVersion = 10.0.40219.1
Project("{FAE04EC0-301F-11D3-BF4B-00C04F79EFBC}") = "Twitter_Api", "Twitter_Api\Twitter_Api.csproj", "{B9A76A98-7650-4F96-BC42-2AD2BACC42EA}"
EndProject
Global
	GlobalSection(SolutionConfigurationPlatforms) = preSolution
		Debug|Any CPU = Debug|Any CPU
		Release|Any CPU = Release|Any CPU
	EndGlobalSection
	GlobalSection(ProjectConfigurationPlatforms) = postSolution
		{B9A76A98-7650-4F96-BC42-2AD2BACC42EA}.Debug|Any CPU.ActiveCfg = Debug|Any CPU
		{B9A76A98-7650-4F96-BC42-2AD2BACC42EA}.Debug|Any CPU.Build.0 = Debug|Any CPU
		{B9A76A98-7650-4F96-BC42-2AD2BACC42EA}.Release|Any CPU.ActiveCfg = Release|Any CPU
		{B9A76A98-7650-4F96-BC42-2AD2BACC42EA}.Release|Any CPU.Build.0 = Release|Any CPU
	EndGlobalSection
	GlobalSection(SolutionProperties) = preSolution
		HideSolutionNode = FALSE
	EndGlobalSection
	GlobalSection(ExtensibilityGlobals) = postSolution
		SolutionGuid = {C4FD2449-9D6A-431E-893C-11914F70FC07}
	EndGlobalSection
EndGlobal
